
Microsoft Visual Studio Solution File, Format Version 12.00
# Visual Studio 2012
Project("{FAE04EC0-301F-11D3-BF4B-00C04F79EFBC}") = "GfmSharp", "GfmSharp.csproj", "{08D5F9ED-45D7-4C3D-A6C4-9E37AFF99E8F}"
EndProject
Project("{FAE04EC0-301F-11D3-BF4B-00C04F79EFBC}") = "GfmSharp.Test", "..\GfmSharp.Test\GfmSharp.Test.csproj", "{56AB824A-F200-44ED-96E0-AE7DEB84D3DC}"
EndProject
Global
	GlobalSection(SolutionConfigurationPlatforms) = preSolution
		Debug|Any CPU = Debug|Any CPU
		Release|Any CPU = Release|Any CPU
	EndGlobalSection
	GlobalSection(ProjectConfigurationPlatforms) = postSolution
		{08D5F9ED-45D7-4C3D-A6C4-9E37AFF99E8F}.Debug|Any CPU.ActiveCfg = Debug|Any CPU
		{08D5F9ED-45D7-4C3D-A6C4-9E37AFF99E8F}.Debug|Any CPU.Build.0 = Debug|Any CPU
		{08D5F9ED-45D7-4C3D-A6C4-9E37AFF99E8F}.Release|Any CPU.ActiveCfg = Release|Any CPU
		{08D5F9ED-45D7-4C3D-A6C4-9E37AFF99E8F}.Release|Any CPU.Build.0 = Release|Any CPU
		{56AB824A-F200-44ED-96E0-AE7DEB84D3DC}.Debug|Any CPU.ActiveCfg = Debug|Any CPU
		{56AB824A-F200-44ED-96E0-AE7DEB84D3DC}.Debug|Any CPU.Build.0 = Debug|Any CPU
		{56AB824A-F200-44ED-96E0-AE7DEB84D3DC}.Release|Any CPU.ActiveCfg = Release|Any CPU
		{56AB824A-F200-44ED-96E0-AE7DEB84D3DC}.Release|Any CPU.Build.0 = Release|Any CPU
	EndGlobalSection
	GlobalSection(SolutionProperties) = preSolution
		HideSolutionNode = FALSE
	EndGlobalSection
EndGlobal
